
Microsoft Visual Studio Solution File, Format Version 12.00
# Visual Studio Version 16
VisualStudioVersion = 16.0.30907.101
MinimumVisualStudioVersion = 10.0.40219.1
Project("{FAE04EC0-301F-11D3-BF4B-00C04F79EFBC}") = "ConsoleApp1", "ConsoleApp1\ConsoleApp1.csproj", "{5EBD73E8-976A-4377-884E-9C612C17675A}"
EndProject
Global
	GlobalSection(SolutionConfigurationPlatforms) = preSolution
		Debug|Any CPU = Debug|Any CPU
		Release|Any CPU = Release|Any CPU
	EndGlobalSection
	GlobalSection(ProjectConfigurationPlatforms) = postSolution
		{5EBD73E8-976A-4377-884E-9C612C17675A}.Debug|Any CPU.ActiveCfg = Debug|Any CPU
		{5EBD73E8-976A-4377-884E-9C612C17675A}.Debug|Any CPU.Build.0 = Debug|Any CPU
		{5EBD73E8-976A-4377-884E-9C612C17675A}.Release|Any CPU.ActiveCfg = Release|Any CPU
		{5EBD73E8-976A-4377-884E-9C612C17675A}.Release|Any CPU.Build.0 = Release|Any CPU
	EndGlobalSection
	GlobalSection(SolutionProperties) = preSolution
		HideSolutionNode = FALSE
	EndGlobalSection
	GlobalSection(ExtensibilityGlobals) = postSolution
		SolutionGuid = {7687F293-4759-41C5-B6BA-02E3733BF8C0}
	EndGlobalSection
EndGlobal
